
Microsoft Visual Studio Solution File, Format Version 12.00
# Visual Studio Version 16
VisualStudioVersion = 16.0.29215.179
MinimumVisualStudioVersion = 10.0.40219.1
Project("{FAE04EC0-301F-11D3-BF4B-00C04F79EFBC}") = "Checkers", "Checkers\Checkers.csproj", "{BBD662B2-A727-45EA-8B4B-6E613C754792}"
EndProject
Project("{FAE04EC0-301F-11D3-BF4B-00C04F79EFBC}") = "Checkers.Tests", "Checkers.Tests\Checkers.Tests.csproj", "{B05B53F0-8E85-4D8C-A7A7-9BCAA33354A2}"
EndProject
Global
	GlobalSection(SolutionConfigurationPlatforms) = preSolution
		Debug|Any CPU = Debug|Any CPU
		Release|Any CPU = Release|Any CPU
	EndGlobalSection
	GlobalSection(ProjectConfigurationPlatforms) = postSolution
		{BBD662B2-A727-45EA-8B4B-6E613C754792}.Debug|Any CPU.ActiveCfg = Debug|Any CPU
		{BBD662B2-A727-45EA-8B4B-6E613C754792}.Debug|Any CPU.Build.0 = Debug|Any CPU
		{BBD662B2-A727-45EA-8B4B-6E613C754792}.Release|Any CPU.ActiveCfg = Release|Any CPU
		{BBD662B2-A727-45EA-8B4B-6E613C754792}.Release|Any CPU.Build.0 = Release|Any CPU
		{B05B53F0-8E85-4D8C-A7A7-9BCAA33354A2}.Debug|Any CPU.ActiveCfg = Debug|Any CPU
		{B05B53F0-8E85-4D8C-A7A7-9BCAA33354A2}.Debug|Any CPU.Build.0 = Debug|Any CPU
		{B05B53F0-8E85-4D8C-A7A7-9BCAA33354A2}.Release|Any CPU.ActiveCfg = Release|Any CPU
		{B05B53F0-8E85-4D8C-A7A7-9BCAA33354A2}.Release|Any CPU.Build.0 = Release|Any CPU
	EndGlobalSection
	GlobalSection(SolutionProperties) = preSolution
		HideSolutionNode = FALSE
	EndGlobalSection
	GlobalSection(ExtensibilityGlobals) = postSolution
		SolutionGuid = {7589916E-BBF0-46BC-840E-2AC1B3CF35DF}
	EndGlobalSection
EndGlobal
